
Microsoft Visual Studio Solution File, Format Version 12.00
Project("{FAE04EC0-301F-11D3-BF4B-00C04F79EFBC}") = "MinecraftClient", "MinecraftClient\MinecraftClient.csproj", "{D698B204-A316-4EC1-BF28-47E83830CFE7}"
EndProject
Global
	GlobalSection(SolutionConfigurationPlatforms) = preSolution
		Debug|Any CPU = Debug|Any CPU
		Release|Any CPU = Release|Any CPU
	EndGlobalSection
	GlobalSection(ProjectConfigurationPlatforms) = postSolution
		{D698B204-A316-4EC1-BF28-47E83830CFE7}.Debug|Any CPU.ActiveCfg = Release|Any CPU
		{D698B204-A316-4EC1-BF28-47E83830CFE7}.Debug|Any CPU.Build.0 = Release|Any CPU
	EndGlobalSection
EndGlobal
